
Microsoft Visual Studio Solution File, Format Version 12.00
# Visual Studio Version 16
VisualStudioVersion = 16.0.29709.97
MinimumVisualStudioVersion = 10.0.40219.1
Project("{9A19103F-16F7-4668-BE54-9A1E7A4F7556}") = "SharpStresser", "SharpStresser\SharpStresser.csproj", "{63048B27-A761-42C3-81CC-59456D823B9F}"
EndProject
Project("{2150E333-8FDC-42A3-9474-1A3956D46DE8}") = "Solution Items", "Solution Items", "{9FC4AA05-0A89-4FF8-88C8-4730B0587270}"
	ProjectSection(SolutionItems) = preProject
		earth480x270.mp4 = earth480x270.mp4
		model.graph = model.graph
	EndProjectSection
EndProject
Project("{9A19103F-16F7-4668-BE54-9A1E7A4F7556}") = "Visualizer", "Visualizer\Visualizer.csproj", "{74531437-B9FE-4DBA-B6CE-D328DE7FFBF7}"
EndProject
Project("{9A19103F-16F7-4668-BE54-9A1E7A4F7556}") = "Common", "Common\Common.csproj", "{0991D97A-424B-4071-9DE9-DE90D53D173D}"
EndProject
Project("{9A19103F-16F7-4668-BE54-9A1E7A4F7556}") = "Capturer", "Capturer\Capturer.csproj", "{573FDE0C-C7A1-4313-BDAE-0780BB0C59DC}"
EndProject
Global
	GlobalSection(SolutionConfigurationPlatforms) = preSolution
		Debug|Any CPU = Debug|Any CPU
		Release|Any CPU = Release|Any CPU
	EndGlobalSection
	GlobalSection(ProjectConfigurationPlatforms) = postSolution
		{63048B27-A761-42C3-81CC-59456D823B9F}.Debug|Any CPU.ActiveCfg = Debug|Any CPU
		{63048B27-A761-42C3-81CC-59456D823B9F}.Debug|Any CPU.Build.0 = Debug|Any CPU
		{63048B27-A761-42C3-81CC-59456D823B9F}.Release|Any CPU.ActiveCfg = Release|Any CPU
		{63048B27-A761-42C3-81CC-59456D823B9F}.Release|Any CPU.Build.0 = Release|Any CPU
		{74531437-B9FE-4DBA-B6CE-D328DE7FFBF7}.Debug|Any CPU.ActiveCfg = Debug|Any CPU
		{74531437-B9FE-4DBA-B6CE-D328DE7FFBF7}.Debug|Any CPU.Build.0 = Debug|Any CPU
		{74531437-B9FE-4DBA-B6CE-D328DE7FFBF7}.Release|Any CPU.ActiveCfg = Release|Any CPU
		{74531437-B9FE-4DBA-B6CE-D328DE7FFBF7}.Release|Any CPU.Build.0 = Release|Any CPU
		{0991D97A-424B-4071-9DE9-DE90D53D173D}.Debug|Any CPU.ActiveCfg = Debug|Any CPU
		{0991D97A-424B-4071-9DE9-DE90D53D173D}.Debug|Any CPU.Build.0 = Debug|Any CPU
		{0991D97A-424B-4071-9DE9-DE90D53D173D}.Release|Any CPU.ActiveCfg = Release|Any CPU
		{0991D97A-424B-4071-9DE9-DE90D53D173D}.Release|Any CPU.Build.0 = Release|Any CPU
		{573FDE0C-C7A1-4313-BDAE-0780BB0C59DC}.Debug|Any CPU.ActiveCfg = Debug|Any CPU
		{573FDE0C-C7A1-4313-BDAE-0780BB0C59DC}.Debug|Any CPU.Build.0 = Debug|Any CPU
		{573FDE0C-C7A1-4313-BDAE-0780BB0C59DC}.Release|Any CPU.ActiveCfg = Release|Any CPU
		{573FDE0C-C7A1-4313-BDAE-0780BB0C59DC}.Release|Any CPU.Build.0 = Release|Any CPU
	EndGlobalSection
	GlobalSection(SolutionProperties) = preSolution
		HideSolutionNode = FALSE
	EndGlobalSection
	GlobalSection(ExtensibilityGlobals) = postSolution
		SolutionGuid = {7EBF9EFB-9382-4079-BE86-28123D1189D9}
	EndGlobalSection
EndGlobal
