
Microsoft Visual Studio Solution File, Format Version 12.00
# Visual Studio Version 16
VisualStudioVersion = 16.0.29709.97
MinimumVisualStudioVersion = 10.0.40219.1
Project("{FAE04EC0-301F-11D3-BF4B-00C04F79EFBC}") = "TensorSharpStresser", "TensorSharpStresser.csproj", "{63048B27-A761-42C3-81CC-59456D823B9F}"
EndProject
Global
	GlobalSection(SolutionConfigurationPlatforms) = preSolution
		Debug|Any CPU = Debug|Any CPU
		Release|Any CPU = Release|Any CPU
	EndGlobalSection
	GlobalSection(ProjectConfigurationPlatforms) = postSolution
		{63048B27-A761-42C3-81CC-59456D823B9F}.Debug|Any CPU.ActiveCfg = Debug|Any CPU
		{63048B27-A761-42C3-81CC-59456D823B9F}.Debug|Any CPU.Build.0 = Debug|Any CPU
		{63048B27-A761-42C3-81CC-59456D823B9F}.Release|Any CPU.ActiveCfg = Release|Any CPU
		{63048B27-A761-42C3-81CC-59456D823B9F}.Release|Any CPU.Build.0 = Release|Any CPU
	EndGlobalSection
	GlobalSection(SolutionProperties) = preSolution
		HideSolutionNode = FALSE
	EndGlobalSection
	GlobalSection(ExtensibilityGlobals) = postSolution
		SolutionGuid = {7EBF9EFB-9382-4079-BE86-28123D1189D9}
	EndGlobalSection
EndGlobal
